
Microsoft Visual Studio Solution File, Format Version 12.00
# Visual Studio 2012
Project("{FAE04EC0-301F-11D3-BF4B-00C04F79EFBC}") = "elp87.TagReader", "elp87.TagReader\elp87.TagReader.csproj", "{0A3F973E-899F-4A2B-AE55-A64741EAFDFA}"
EndProject
Project("{FAE04EC0-301F-11D3-BF4B-00C04F79EFBC}") = "id3v2Tests", "id3v2Tests\id3v2Tests.csproj", "{9EAE8870-4B8E-408D-831D-BDBD5948F418}"
EndProject
Global
	GlobalSection(SolutionConfigurationPlatforms) = preSolution
		Debug|Any CPU = Debug|Any CPU
		Release|Any CPU = Release|Any CPU
	EndGlobalSection
	GlobalSection(ProjectConfigurationPlatforms) = postSolution
		{0A3F973E-899F-4A2B-AE55-A64741EAFDFA}.Debug|Any CPU.ActiveCfg = Debug|Any CPU
		{0A3F973E-899F-4A2B-AE55-A64741EAFDFA}.Debug|Any CPU.Build.0 = Debug|Any CPU
		{0A3F973E-899F-4A2B-AE55-A64741EAFDFA}.Release|Any CPU.ActiveCfg = Release|Any CPU
		{0A3F973E-899F-4A2B-AE55-A64741EAFDFA}.Release|Any CPU.Build.0 = Release|Any CPU
		{9EAE8870-4B8E-408D-831D-BDBD5948F418}.Debug|Any CPU.ActiveCfg = Debug|Any CPU
		{9EAE8870-4B8E-408D-831D-BDBD5948F418}.Debug|Any CPU.Build.0 = Debug|Any CPU
		{9EAE8870-4B8E-408D-831D-BDBD5948F418}.Release|Any CPU.ActiveCfg = Release|Any CPU
		{9EAE8870-4B8E-408D-831D-BDBD5948F418}.Release|Any CPU.Build.0 = Release|Any CPU
	EndGlobalSection
	GlobalSection(SolutionProperties) = preSolution
		HideSolutionNode = FALSE
	EndGlobalSection
EndGlobal
